# This file is generated by running "yarn install" inside your project.
# Manual changes might be lost - proceed with caution!

__metadata:
  version: 4
  cacheKey: 7

"@47ng/check-env@npm:^2.0.2":
  version: 2.0.2
  resolution: "@47ng/check-env@npm:2.0.2"
  checksum: c0becfa537e39ba5b57a07825ed94b69bfc4b9bc50aa536acc0799c6f5a29eb7d0689ca69e9839cf1885f3a3d3cf6afd9195872297e6a92abf2d50de46d707e6
  languageName: node
  linkType: hard

"@google-cloud/common@npm:^3.6.0":
  version: 3.6.0
  resolution: "@google-cloud/common@npm:3.6.0"
  dependencies:
    "@google-cloud/projectify": ^2.0.0
    "@google-cloud/promisify": ^2.0.0
    arrify: ^2.0.1
    duplexify: ^4.1.1
    ent: ^2.2.0
    extend: ^3.0.2
    google-auth-library: ^7.0.2
    retry-request: ^4.1.1
    teeny-request: ^7.0.0
  checksum: cad7b231df5d6aa386411cc8568721b0bc8f1626244e4b729d633d892734d7f2225f2436dcbb1b75db7c2090f7f7323695b8439864a33351f48fd35d982b995f
  languageName: node
  linkType: hard

"@google-cloud/paginator@npm:^3.0.0":
  version: 3.0.5
  resolution: "@google-cloud/paginator@npm:3.0.5"
  dependencies:
    arrify: ^2.0.0
    extend: ^3.0.2
  checksum: 39c66a2bdb4b01fbcc1c2fa5ff006db9c8ac50265a1731fe8d33d9dad073f427ea5c20eaac3005ee9b0dbfd42631080753658f838895b6015478e0f26aeb910d
  languageName: node
  linkType: hard

"@google-cloud/projectify@npm:^2.0.0":
  version: 2.0.1
  resolution: "@google-cloud/projectify@npm:2.0.1"
  checksum: f89384d52cdd4e5666daf995e011310f7fde6f8e4240db9cf2517f3338584f9ea0c339ec8541d437bbc3748b1faf201d612e284eca91dc6fbd1e8939fbd5447b
  languageName: node
  linkType: hard

"@google-cloud/promisify@npm:^2.0.0":
  version: 2.0.3
  resolution: "@google-cloud/promisify@npm:2.0.3"
  checksum: bd0c5f1c9361e4bfb91541a58be9fc7af04a233d40ebaefbd034ebb7c1baf4a57cd7d50244e39867a196e063a008c25b9ff7e5e1b8e9d0774521c6046b4a8b80
  languageName: node
  linkType: hard

"@google-cloud/storage@npm:^5.8.0":
  version: 5.8.0
  resolution: "@google-cloud/storage@npm:5.8.0"
  dependencies:
    "@google-cloud/common": ^3.6.0
    "@google-cloud/paginator": ^3.0.0
    "@google-cloud/promisify": ^2.0.0
    arrify: ^2.0.0
    async-retry: ^1.3.1
    compressible: ^2.0.12
    date-and-time: ^0.14.2
    duplexify: ^4.0.0
    extend: ^3.0.2
    gaxios: ^4.0.0
    gcs-resumable-upload: ^3.1.3
    get-stream: ^6.0.0
    hash-stream-validation: ^0.2.2
    mime: ^2.2.0
    mime-types: ^2.0.8
    onetime: ^5.1.0
    p-limit: ^3.0.1
    pumpify: ^2.0.0
    snakeize: ^0.1.0
    stream-events: ^1.0.1
    xdg-basedir: ^4.0.0
  checksum: f59322eff752ef990feddba8ab86e4c7be6e86d8c98293aa74fae3267d77d5c9f34ffeb1dc1207ff88bddaaf67a3b0517e212da0448c9ed25afc7aa3d5419027
  languageName: node
  linkType: hard

"@tootallnate/once@npm:1":
  version: 1.1.2
  resolution: "@tootallnate/once@npm:1.1.2"
  checksum: d030f3fb14e0373dbf5005d8f696ff34fda87bf56744bea611fc737449bfc0687ebcb28ee8ba4c6624877f51b18d701c0d417d793f406006a192f4721911d048
  languageName: node
  linkType: hard

"abort-controller@npm:^3.0.0":
  version: 3.0.0
  resolution: "abort-controller@npm:3.0.0"
  dependencies:
    event-target-shim: ^5.0.0
  checksum: cc53ad8df9a6de3f55d4f804fca5106908f855e47b572fb5ab3cdd723b76374686dcefa557a2f87d4396db77e31bc0e6ce9d48637388cef6d884c29ad2691448
  languageName: node
  linkType: hard

"agent-base@npm:6":
  version: 6.0.2
  resolution: "agent-base@npm:6.0.2"
  dependencies:
    debug: 4
  checksum: e77eff83e1308883118c7b6a866974dd4ef6be32ef7c91625d5337b13addb5699075c338942f5ecf598d7e5d179b81bf9c9fc644dfb9ca2db0facd9e6bf1238d
  languageName: node
  linkType: hard

"arrify@npm:^2.0.0, arrify@npm:^2.0.1":
  version: 2.0.1
  resolution: "arrify@npm:2.0.1"
  checksum: 2a19726815590d829e07998aefa2c352bd9061e58bf4391ffffa227129995841a710bef2d8b4c9408a6b0679d96c96bd23764bdbcc29bb21666c976816093972
  languageName: node
  linkType: hard

"async-retry@npm:^1.3.1":
  version: 1.3.1
  resolution: "async-retry@npm:1.3.1"
  dependencies:
    retry: 0.12.0
  checksum: 20d5747abf89055b0b5d2a1d33e29d62f1a7539bc4a236035abef2b3c75fa7423e89fc2b0aeee01057bd080076095f8ab570afb337aa24fc6dd6b5860933d3f0
  languageName: node
  linkType: hard

"backup-mssql-to-bucket@workspace:.":
  version: 0.0.0-use.local
  resolution: "backup-mssql-to-bucket@workspace:."
  dependencies:
    "@47ng/check-env": ^2.0.2
    "@google-cloud/storage": ^5.8.0
    env-cmd: "https://github.com/toddbluhm/env-cmd.git"
    prettier-config-standard: ^1.0.1
  bin:
    backup-mssql-to-bucket: index.js
  languageName: unknown
  linkType: soft

"base64-js@npm:^1.3.0":
  version: 1.5.1
  resolution: "base64-js@npm:1.5.1"
  checksum: c1b41a26ddc6620eb7f1ee6c29c812f5942a4e328e74263f995872cfb8ca3aee08542beb25cd10fd7ef16e4f16603e25c35a26e776c01fd55277e5035e829e0e
  languageName: node
  linkType: hard

"bignumber.js@npm:^9.0.0":
  version: 9.0.1
  resolution: "bignumber.js@npm:9.0.1"
  checksum: 605e9639c413f344c37b23e919254f60a5017cc5ccd925e2f8fb79b36aa3d54f356df9c726f38465263236455f685d60dcf38dbe32cb0b7e4d2a32c94b035476
  languageName: node
  linkType: hard

"buffer-equal-constant-time@npm:1.0.1":
  version: 1.0.1
  resolution: "buffer-equal-constant-time@npm:1.0.1"
  checksum: a38a6fead170594b97894658d0e62e3686ccaecea480051c0bf69ba29274eca87203452590c3b6a1b589a7da1baef89420da00a8f08c010675c1dbc25f58edf9
  languageName: node
  linkType: hard

"commander@npm:^5.0.0":
  version: 5.1.0
  resolution: "commander@npm:5.1.0"
  checksum: d16141ea7f580945156fb8a06de2834c4647c7d9d3732ebd4534ab8e0b7c64747db301e18f2b840f28ea8fef51f7a8d6178e674b45a21931f0b65ff1c7f476b3
  languageName: node
  linkType: hard

"compressible@npm:^2.0.12":
  version: 2.0.18
  resolution: "compressible@npm:2.0.18"
  dependencies:
    mime-db: ">= 1.43.0 < 2"
  checksum: 8ac178b6ef4f72adc51e495f23f7212a4764395dde24e476046cca1db988859eef96453e11563bcf40d1bf74469cdd7db29539fd4ac553577d9812d3f112fada
  languageName: node
  linkType: hard

"configstore@npm:^5.0.0":
  version: 5.0.1
  resolution: "configstore@npm:5.0.1"
  dependencies:
    dot-prop: ^5.2.0
    graceful-fs: ^4.1.2
    make-dir: ^3.0.0
    unique-string: ^2.0.0
    write-file-atomic: ^3.0.0
    xdg-basedir: ^4.0.0
  checksum: 81dd877bf784af29e7bbeb14e183fef21df07d9eceb3e94601a0689accb168b55f4661c629d32f079f88ea1bff3396434beb0d022414b601e72cf89adf4167e1
  languageName: node
  linkType: hard

"cross-spawn@npm:^7.0.0":
  version: 7.0.3
  resolution: "cross-spawn@npm:7.0.3"
  dependencies:
    path-key: ^3.1.0
    shebang-command: ^2.0.0
    which: ^2.0.1
  checksum: 51f10036f5f1de781be98f4738d58b50c6d44f4f471069b8ab075b21605893ba1548654880f7310a29a732d6fc7cd481da6026169b9f0831cab0148a62fb397a
  languageName: node
  linkType: hard

"crypto-random-string@npm:^2.0.0":
  version: 2.0.0
  resolution: "crypto-random-string@npm:2.0.0"
  checksum: 7bc19f6cafe3194a434198c9414941cc36d874e1f85b6fcba573b5623f77a440c0a10a94c0d0da26d7d23d85b6fe07354e589ef1a0fe2d7b32e0bab9e70ca4c1
  languageName: node
  linkType: hard

"date-and-time@npm:^0.14.2":
  version: 0.14.2
  resolution: "date-and-time@npm:0.14.2"
  checksum: 3fbe8f519ab1d64374cd62ceb34d83eef156e796184db2da4b3c8bedf15b3b693f6eb4f232e9353fd97d3529137c12c41a232dd5ccbaee983e331995c60d18d0
  languageName: node
  linkType: hard

"debug@npm:4, debug@npm:^4.1.1":
  version: 4.3.1
  resolution: "debug@npm:4.3.1"
  dependencies:
    ms: 2.1.2
  peerDependenciesMeta:
    supports-color:
      optional: true
  checksum: 0d41ba5177510e8b388dfd7df143ab0f9312e4abdaba312595461511dac88e9ef8101939d33b4e6d37e10341af6a5301082e4d7d6f3deb4d57bc05fc7d296fad
  languageName: node
  linkType: hard

"dot-prop@npm:^5.2.0":
  version: 5.3.0
  resolution: "dot-prop@npm:5.3.0"
  dependencies:
    is-obj: ^2.0.0
  checksum: 76e6693d8803eeff9cb920988446bf223cf1f6e5b1c0c2fe07a66906392134931a481b11e3c0bd852c5cfc97fad65258bcb4359169ad1d8d624cb3f56932be98
  languageName: node
  linkType: hard

"duplexify@npm:^4.0.0, duplexify@npm:^4.1.1":
  version: 4.1.1
  resolution: "duplexify@npm:4.1.1"
  dependencies:
    end-of-stream: ^1.4.1
    inherits: ^2.0.3
    readable-stream: ^3.1.1
    stream-shift: ^1.0.0
  checksum: 955470757e3fbacf57ebb404c1605fc2a517dff27a1f5b1e3f86d00d32b22d8ce962657bf120f9c2eb585c47441b7b6a5d1a621c22d627dd6936dda17801828a
  languageName: node
  linkType: hard

"ecdsa-sig-formatter@npm:1.0.11, ecdsa-sig-formatter@npm:^1.0.11":
  version: 1.0.11
  resolution: "ecdsa-sig-formatter@npm:1.0.11"
  dependencies:
    safe-buffer: ^5.0.1
  checksum: 9d07775ee274e0ca3978a562e9eba14ce77ecc804d977d0e94525c2aa4a70d909eda5703810955d22fd06fc6312e6aacf85e233eebdabc7b27a0a38fd62902a4
  languageName: node
  linkType: hard

"end-of-stream@npm:^1.1.0, end-of-stream@npm:^1.4.1":
  version: 1.4.4
  resolution: "end-of-stream@npm:1.4.4"
  dependencies:
    once: ^1.4.0
  checksum: 7da60e458bdb5e16c006a45e85ef3bc1e3791db5ba275b0913258ccddc8899acb9252c4ddbcce87bd1b46e2a3f97315aafb9f0c0330e8aac44defb504a9d3ccd
  languageName: node
  linkType: hard

"ent@npm:^2.2.0":
  version: 2.2.0
  resolution: "ent@npm:2.2.0"
  checksum: b9d26d321beed2e8363b4f530ae2d7ddf3aab98be30b6b471f6a4a688029970d69c5da2d81fe3dc6536738b328cea2481709467ef09d9a3ec4befbd122b8f3f6
  languageName: node
  linkType: hard

"env-cmd@https://github.com/toddbluhm/env-cmd.git":
  version: 10.1.0
  resolution: "env-cmd@https://github.com/toddbluhm/env-cmd.git#commit=8f35b71651f6a78710308ff38ab30896ea72ee8b"
  dependencies:
    commander: ^5.0.0
    cross-spawn: ^7.0.0
  bin:
    env-cmd: bin/env-cmd.js
  checksum: 652d7ab60daff1f1d4218974e4e492b3dd40b260f907d76127459793e4276b3c12296cad64b3cfe73d56ab2d876e413bec178c52411b63ae325abeea965beafe
  languageName: node
  linkType: hard

"event-target-shim@npm:^5.0.0":
  version: 5.0.1
  resolution: "event-target-shim@npm:5.0.1"
  checksum: d176477a31adf328ff50148886e46cef3f61ff8bdc1d6db161f6b3ead2501085d5652a81fab8dddc59aed93727231c0b5c8a0948de77ae401b2d977a3d18329e
  languageName: node
  linkType: hard

"extend@npm:^3.0.2":
  version: 3.0.2
  resolution: "extend@npm:3.0.2"
  checksum: 1406da1f0c4b00b839497e4cdd0ec4303ce2ae349144b7c28064a5073c93ce8c08da4e8fb1bc5cb459ffcdff30a35fc0fe54344eb88320e70100c1baea6f195c
  languageName: node
  linkType: hard

"fast-text-encoding@npm:^1.0.0":
  version: 1.0.3
  resolution: "fast-text-encoding@npm:1.0.3"
  checksum: f14fb9242fc8ea942d8b6374f84e918aa5e97bbdf3cafbbf737b04f677277a1900cb9914eab601822cc51787dc607bfff5904e646b3fcc82d84081b21261ba87
  languageName: node
  linkType: hard

"gaxios@npm:^4.0.0":
  version: 4.1.0
  resolution: "gaxios@npm:4.1.0"
  dependencies:
    abort-controller: ^3.0.0
    extend: ^3.0.2
    https-proxy-agent: ^5.0.0
    is-stream: ^2.0.0
    node-fetch: ^2.3.0
  checksum: d54423e28df50b25cf1e7dafb83ecef0a49a429a3ed9674a0d9052708da0c80cedb4b486528ea518d3ae27d2a58b517ed7900052318fa512bce7f59a6d293138
  languageName: node
  linkType: hard

"gcp-metadata@npm:^4.2.0":
  version: 4.2.1
  resolution: "gcp-metadata@npm:4.2.1"
  dependencies:
    gaxios: ^4.0.0
    json-bigint: ^1.0.0
  checksum: 53a976ad1d0fa040db7b9f305f8b13ad5a38ccdcf0b906a0f96be8d981edf46fff22e424ca5ada0124b7d8367f3a6bd2140c7ec3fed445ce5e77832e8ce50d75
  languageName: node
  linkType: hard

"gcs-resumable-upload@npm:^3.1.3":
  version: 3.1.3
  resolution: "gcs-resumable-upload@npm:3.1.3"
  dependencies:
    abort-controller: ^3.0.0
    configstore: ^5.0.0
    extend: ^3.0.2
    gaxios: ^4.0.0
    google-auth-library: ^7.0.0
    pumpify: ^2.0.0
    stream-events: ^1.0.4
  bin:
    gcs-upload: build/src/cli.js
  checksum: fa79208dc03b96a19963d2bc2e02397076887cd694d8d9752c11ab3cbbe1ccc260f6da8067ad01d7d56e4b4fc13038c10957f224da361311e2cc10ef894fda37
  languageName: node
  linkType: hard

"get-stream@npm:^6.0.0":
  version: 6.0.0
  resolution: "get-stream@npm:6.0.0"
  checksum: 4354a4de78ebfd4340db6c7a3956ad1db7e67dbf718bcc576481697188442156f88d0d79d94b8af2615dad9920d41df85227e0c6b0fe5764d26e0df25f4035f8
  languageName: node
  linkType: hard

"google-auth-library@npm:^7.0.0, google-auth-library@npm:^7.0.2":
  version: 7.0.2
  resolution: "google-auth-library@npm:7.0.2"
  dependencies:
    arrify: ^2.0.0
    base64-js: ^1.3.0
    ecdsa-sig-formatter: ^1.0.11
    fast-text-encoding: ^1.0.0
    gaxios: ^4.0.0
    gcp-metadata: ^4.2.0
    gtoken: ^5.0.4
    jws: ^4.0.0
    lru-cache: ^6.0.0
  checksum: f001ab5aebc3522d6aa3c0130bd340e332e8eb23071da13c65332467d520014a264a35846e0bd7fc2d9a52ee3579ec61ad4a511969d02e572c763258b50e1f1a
  languageName: node
  linkType: hard

"google-p12-pem@npm:^3.0.3":
  version: 3.0.3
  resolution: "google-p12-pem@npm:3.0.3"
  dependencies:
    node-forge: ^0.10.0
  bin:
    gp12-pem: build/src/bin/gp12-pem.js
  checksum: f03565af5fb2e8415277a76f970908fe4338fb304767fad1f453c624e5b93d3e87aeb3f8e8c10e2b48a7d73825845c17b43cc10f9bf1b3843454ddc177168701
  languageName: node
  linkType: hard

"graceful-fs@npm:^4.1.2":
  version: 4.2.6
  resolution: "graceful-fs@npm:4.2.6"
  checksum: 84d39c7756892553da990a9db7e45f844b3309b37b5a00174cbb4748476f2250c54f24594d4d252f64f085c65c2fdac7c809419bf6d55f0e6e42eb07ac0f5bf2
  languageName: node
  linkType: hard

"gtoken@npm:^5.0.4":
  version: 5.2.1
  resolution: "gtoken@npm:5.2.1"
  dependencies:
    gaxios: ^4.0.0
    google-p12-pem: ^3.0.3
    jws: ^4.0.0
  checksum: eff27d660305ecdcb46525b0587e5b1bfe13cb04a0648990249f7ffbe3900cf44397bddd8661ad17acdcf5132b5375d2a1811cc6257e7f786de7a03d8c78d150
  languageName: node
  linkType: hard

"hash-stream-validation@npm:^0.2.2":
  version: 0.2.4
  resolution: "hash-stream-validation@npm:0.2.4"
  checksum: cd3ef2dde221ed24de695d9989741373925911bd96bd6a93bfc2272148698229c4f304d827969a5995f4e4b01e88eac251639cbbbcff7c4c06ac70f80642c590
  languageName: node
  linkType: hard

"http-proxy-agent@npm:^4.0.0":
  version: 4.0.1
  resolution: "http-proxy-agent@npm:4.0.1"
  dependencies:
    "@tootallnate/once": 1
    agent-base: 6
    debug: 4
  checksum: 6703aeb5c5d398d93757c38eb0d77df10239ff3fefee27614aad2831f06f9ca6c8b21c43e9ff02464b5284cba3c6cedefffd210750871277ebf652cbe3230566
  languageName: node
  linkType: hard

"https-proxy-agent@npm:^5.0.0":
  version: 5.0.0
  resolution: "https-proxy-agent@npm:5.0.0"
  dependencies:
    agent-base: 6
    debug: 4
  checksum: 18aa04ea08cc069fa0c83d03475d1bc43e13bfa43d5cffc0c3a07430f755e1ac914049570302775adac82aa5a779643ef2c6c270c057d7a8523a7f6f46b4866a
  languageName: node
  linkType: hard

"imurmurhash@npm:^0.1.4":
  version: 0.1.4
  resolution: "imurmurhash@npm:0.1.4"
  checksum: 34d414d789286f6ef4d2b954c76c7df40dd7cabffef9b9959c8bd148677e98151f4fa5344aae2e3ad2b62308555ccbba3022e535a3e24288c9babb1308e35532
  languageName: node
  linkType: hard

"inherits@npm:^2.0.3":
  version: 2.0.4
  resolution: "inherits@npm:2.0.4"
  checksum: 98426da247ddfc3dcd7d7daedd90c3ca32d5b08deca08949726f12d49232aef94772a07b36cf4ff833e105ae2ef931777f6de4a6dd8245a216b9299ad4a50bea
  languageName: node
  linkType: hard

"is-obj@npm:^2.0.0":
  version: 2.0.0
  resolution: "is-obj@npm:2.0.0"
  checksum: ffa67ed5df66e37757876cd976380737a0430551789a0457b8c031eaedef8f5c6bc4ab6d903e529efb777545f8718ab73d9badde61c8b08720a3747ccff0b2a0
  languageName: node
  linkType: hard

"is-stream@npm:^2.0.0":
  version: 2.0.0
  resolution: "is-stream@npm:2.0.0"
  checksum: f92ba04a8b8fafbade79bdaada53a044025db2fbd3fc2be978434db9a097a4afa457c2e3222c70c2ffc38854bde3a352593d6315463a54394f08ca9e51e32b50
  languageName: node
  linkType: hard

"is-typedarray@npm:^1.0.0":
  version: 1.0.0
  resolution: "is-typedarray@npm:1.0.0"
  checksum: 4e21156e7360a5916eded35c5938adf6278299a8055640864eebb251e4351cd605beccddf9af27477e19f753d453412fe0c21379bb54b55cfdf5add263076959
  languageName: node
  linkType: hard

"isexe@npm:^2.0.0":
  version: 2.0.0
  resolution: "isexe@npm:2.0.0"
  checksum: 7b437980bb77881a146fba85cfbdf01edc2b148673e9c2722a1e49661fea73adf524430a80fdbfb8ce9f60d43224e682c657c45030482bd39e0c488fc29b4afe
  languageName: node
  linkType: hard

"json-bigint@npm:^1.0.0":
  version: 1.0.0
  resolution: "json-bigint@npm:1.0.0"
  dependencies:
    bignumber.js: ^9.0.0
  checksum: f6c550e09f25416d07d888db88e3cec6c13443b4c0ed5a903dc39b9870fc5adc77aecc30a2d4373888abce7526410a42b0bcf926382a399a285686163a479801
  languageName: node
  linkType: hard

"jwa@npm:^2.0.0":
  version: 2.0.0
  resolution: "jwa@npm:2.0.0"
  dependencies:
    buffer-equal-constant-time: 1.0.1
    ecdsa-sig-formatter: 1.0.11
    safe-buffer: ^5.0.1
  checksum: 03f8af36a3adf27b55ef98ef09be5b4a02b4533e33c91225a38addea1b164e28349cdf78b0e54cce088c472e203e8910bb37e989663c577454d371c7eef1b870
  languageName: node
  linkType: hard

"jws@npm:^4.0.0":
  version: 4.0.0
  resolution: "jws@npm:4.0.0"
  dependencies:
    jwa: ^2.0.0
    safe-buffer: ^5.0.1
  checksum: fb7d2725da5f4a9669024e3e743a3c4bfc193265614e03d52ea24a5251717107491004892d3524fdee525341d91212928bc19b8253f42f0df3dc35bf478dc92e
  languageName: node
  linkType: hard

"lru-cache@npm:^6.0.0":
  version: 6.0.0
  resolution: "lru-cache@npm:6.0.0"
  dependencies:
    yallist: ^4.0.0
  checksum: b8b78353d2391c0f135cdc245c4744ad41c2efb1a6d98f31bc57a2cf48ebf02de96e4876657c3026673576bf1f1f61fc3fdd77ab00ad1ead737537bf17d8019d
  languageName: node
  linkType: hard

"make-dir@npm:^3.0.0":
  version: 3.1.0
  resolution: "make-dir@npm:3.1.0"
  dependencies:
    semver: ^6.0.0
  checksum: 54b6f186c209c1b133d0d1710e6b04c41ebfcb0dac699e5a369ea1223f22c0574ef820b91db37cae6c245f5bda8aff9bfec94f6c23e7d75970446b34a58a79b0
  languageName: node
  linkType: hard

"mime-db@npm:1.46.0, mime-db@npm:>= 1.43.0 < 2":
  version: 1.46.0
  resolution: "mime-db@npm:1.46.0"
  checksum: 4e137ac502ca5ba6c583e552c5fa6abd0c2157592f647824ba7246b771eb42c65c2a1816fc52b27afdbb88a026127f1d5fba354f9dcde591b3b464be07c3d27e
  languageName: node
  linkType: hard

"mime-types@npm:^2.0.8":
  version: 2.1.29
  resolution: "mime-types@npm:2.1.29"
  dependencies:
    mime-db: 1.46.0
  checksum: 744d72b2a24c64d2aacc1ead86bfc827c2c4f1bb6f3b4bf6d8684b82f5ddd0b75a5c0eff128a888c09080f9ad7979400b64a697889690fca3c42de80c8f5e187
  languageName: node
  linkType: hard

"mime@npm:^2.2.0":
  version: 2.5.2
  resolution: "mime@npm:2.5.2"
  bin:
    mime: cli.js
  checksum: 3e5377f0a1891350247699c5fff0469752a35d5c0baeb7cbee86907c143215ee8621d17c17401f10ffe020a0b327aa503b98cb7340039fce69bc465aed414fb7
  languageName: node
  linkType: hard

"mimic-fn@npm:^2.1.0":
  version: 2.1.0
  resolution: "mimic-fn@npm:2.1.0"
  checksum: f7d2d7febe3d7dd71da0700b1d455ec6c951a96b463ffcc303c93771b9fe4e45318152ea677c241505b19b39e41d906e5052cfb382d59a44bdb6d3d57f8b467b
  languageName: node
  linkType: hard

"ms@npm:2.1.2":
  version: 2.1.2
  resolution: "ms@npm:2.1.2"
  checksum: 9b65fb709bc30c0c07289dcbdb61ca032acbb9ea5698b55fa62e2cebb04c5953f1876a1f3f7f4bc2e91d4bf4d86003f3e207c3bc6ee2f716f99827e62389cd0e
  languageName: node
  linkType: hard

"node-fetch@npm:^2.3.0, node-fetch@npm:^2.6.1":
  version: 2.6.1
  resolution: "node-fetch@npm:2.6.1"
  checksum: cbb171635e538162b977eac5dfe7a1e07a9a02e991924377a6435502291e2f823d306b95aabc455caebf4a118ccf836868462bc70ccc3095af02bb9da61fda37
  languageName: node
  linkType: hard

"node-forge@npm:^0.10.0":
  version: 0.10.0
  resolution: "node-forge@npm:0.10.0"
  checksum: c7a729933a0391e4f434d4455705e869340bf91c3cc6b51b3844a91a5ac9db6f8697f600ab1e62e25f990382b2c1592d93d31fd831bb1a0b1e66ce28d9d6d124
  languageName: node
  linkType: hard

"once@npm:^1.3.1, once@npm:^1.4.0":
  version: 1.4.0
  resolution: "once@npm:1.4.0"
  dependencies:
    wrappy: 1
  checksum: 57afc246536cf6494437f982b26475f22bee860f8b77ce8eb1543f42a8bffe04b2c66ddfea9a16cb25ccb80943f8ee4fc639367ef97b7a6a4f2672eb573963f5
  languageName: node
  linkType: hard

"onetime@npm:^5.1.0":
  version: 5.1.2
  resolution: "onetime@npm:5.1.2"
  dependencies:
    mimic-fn: ^2.1.0
  checksum: e425f6caeb20cf2598ffece94be5663932e34d074f1631b682b13d5f01cc1e0712a7dc711eff1706bb5a5aaab8a52e37bd5edcf560334e3222219d7e8b09c21c
  languageName: node
  linkType: hard

"p-limit@npm:^3.0.1":
  version: 3.1.0
  resolution: "p-limit@npm:3.1.0"
  dependencies:
    yocto-queue: ^0.1.0
  checksum: 5301db6a34fc1fe3714ae562c100a0567d8c16ce9db800f547bbe75efc045c40cd74c4a4c893279975dcf15afc1217c8d2c93fe957a156a3a43d7cce98eaad2e
  languageName: node
  linkType: hard

"path-key@npm:^3.1.0":
  version: 3.1.1
  resolution: "path-key@npm:3.1.1"
  checksum: e44aa3ca9faed0440994883050143b1214fffb907bf3a7bbdba15dc84f60821617c0d84e4cc74e1d84e9274003da50427f54d739b0b47636bcbaff4ec71b9b86
  languageName: node
  linkType: hard

"prettier-config-standard@npm:^1.0.1":
  version: 1.0.1
  resolution: "prettier-config-standard@npm:1.0.1"
  checksum: 475654f298204fc04b14047e90717b0a4589c667db4d6b8229501269d6f3377929bafd70990ca6025d9c659cd936923ae8e23cd8d9791ba6ec17b4cda12ce94d
  languageName: node
  linkType: hard

"pump@npm:^3.0.0":
  version: 3.0.0
  resolution: "pump@npm:3.0.0"
  dependencies:
    end-of-stream: ^1.1.0
    once: ^1.3.1
  checksum: 5464d5cf6c6f083cc60cb45b074fb9a4a92ba4d3e0d89e9b2fa1906d8151fd3766784a426725ccf1af50d1c29963ac20b13829933549830e08a6704e3f95e08c
  languageName: node
  linkType: hard

"pumpify@npm:^2.0.0":
  version: 2.0.1
  resolution: "pumpify@npm:2.0.1"
  dependencies:
    duplexify: ^4.1.1
    inherits: ^2.0.3
    pump: ^3.0.0
  checksum: bafe39d6c8c66cc333eb1c88423e7d211ae596ef1e345700f6857f4da0e93bbca384a2184a57e36b28d601aae14b3be7fb0e285ca6ac4a8f2a086a648bd10263
  languageName: node
  linkType: hard

"readable-stream@npm:^3.1.1":
  version: 3.6.0
  resolution: "readable-stream@npm:3.6.0"
  dependencies:
    inherits: ^2.0.3
    string_decoder: ^1.1.1
    util-deprecate: ^1.0.1
  checksum: f178b1daa80d9e58ebba71dbb08486430aa6f0dea3a22a1b7401f3f6983077d0bc0edea43099db06b8d006c9ad48d6383e8fb72c05d5b187670aeaf1b9b44f00
  languageName: node
  linkType: hard

"retry-request@npm:^4.1.1":
  version: 4.1.3
  resolution: "retry-request@npm:4.1.3"
  dependencies:
    debug: ^4.1.1
  checksum: a9484295757272923fcb75c13d3450a3102bab16a6d8b379d1fc7a77638cbcb5079d690b9e17bd26bae1943d1c137fa535abff834952ca57be1633abaf35f934
  languageName: node
  linkType: hard

"retry@npm:0.12.0":
  version: 0.12.0
  resolution: "retry@npm:0.12.0"
  checksum: 51f2fddddb2f157a0738c53c515682813a881df566da36992f3cf0a975ea84a19434c5abbc682056e97351540bcc7ea38fce2622d0b191c3b5cc1020b71ea0f2
  languageName: node
  linkType: hard

"safe-buffer@npm:^5.0.1, safe-buffer@npm:~5.2.0":
  version: 5.2.1
  resolution: "safe-buffer@npm:5.2.1"
  checksum: 0bb57f0d8f9d1fa4fe35ad8a2db1f83a027d48f2822d59ede88fd5cd4ddad83c0b497213feb7a70fbf90597a70c5217f735b0eb1850df40ce9b4ae81dd22b3f9
  languageName: node
  linkType: hard

"semver@npm:^6.0.0":
  version: 6.3.0
  resolution: "semver@npm:6.3.0"
  bin:
    semver: ./bin/semver.js
  checksum: f0d155c06a67cc7e500c92d929339f1c6efd4ce9fe398aee6acc00a2333489cca0f5b4e76ee7292beba237fcca4b5a3d4a6153471f105f56299801bdab37289f
  languageName: node
  linkType: hard

"shebang-command@npm:^2.0.0":
  version: 2.0.0
  resolution: "shebang-command@npm:2.0.0"
  dependencies:
    shebang-regex: ^3.0.0
  checksum: 85aa394d8cedeedf2e03524d6defef67a2b07d3a17d7ee50d4281d62d3fca898f26ebe7aa7bf674d51b80f197aa1d346bc1a10e8efb04377b534f4322c621012
  languageName: node
  linkType: hard

"shebang-regex@npm:^3.0.0":
  version: 3.0.0
  resolution: "shebang-regex@npm:3.0.0"
  checksum: ea18044ffaf18129ced5a246660a9171a7dff98999aaa9de8abb237d8a7711d8a1f76e16881399994ee429156717ce1c6a50c665bb18a4d55a7f80b9125b1f7d
  languageName: node
  linkType: hard

"signal-exit@npm:^3.0.2":
  version: 3.0.3
  resolution: "signal-exit@npm:3.0.3"
  checksum: f8f3fec95c8d1f9ad7e3cce07e1195f84e7a85cdcb4e825e8a2b76aa5406a039083d2bc9662b3cf40e6948262f41277047d20e6fbd58c77edced0b18fab647d8
  languageName: node
  linkType: hard

"snakeize@npm:^0.1.0":
  version: 0.1.0
  resolution: "snakeize@npm:0.1.0"
  checksum: 62a21ce9fb3bd8ed1f52b5401f3f0086cace9cd843b983b62d147d3bb7edea8702b85a16d03bc58f586d98e80c01c21807c6e1dd128840e29776c85b52c4a71c
  languageName: node
  linkType: hard

"stream-events@npm:^1.0.1, stream-events@npm:^1.0.4, stream-events@npm:^1.0.5":
  version: 1.0.5
  resolution: "stream-events@npm:1.0.5"
  dependencies:
    stubs: ^3.0.0
  checksum: faa9a327e3f8ac366ec7365e6cded01c5de44b834b429d2c8eea8039839269f437c0dd8afb996353b4eed016803292bf490fda78b87fdd8ae1437cff6649bd00
  languageName: node
  linkType: hard

"stream-shift@npm:^1.0.0":
  version: 1.0.1
  resolution: "stream-shift@npm:1.0.1"
  checksum: 5d777b222e460dc660ee29acad4f99649eb8d0051d3cb648fc92f3f77557b33d0a8ad656291c2cfa87703204191534a6003c2b035606a699674d0bb600353ad3
  languageName: node
  linkType: hard

"string_decoder@npm:^1.1.1":
  version: 1.3.0
  resolution: "string_decoder@npm:1.3.0"
  dependencies:
    safe-buffer: ~5.2.0
  checksum: 0a09afb610cb538707fcf0a50a080f159040529eabdba82f23b04f1d1f90adf9ba18cc3800231c6ab2ee55dece047f4bed87c56da52b2afd85c3c7fb73eb7e48
  languageName: node
  linkType: hard

"stubs@npm:^3.0.0":
  version: 3.0.0
  resolution: "stubs@npm:3.0.0"
  checksum: 5d58c7b76aa6ac62149166ae43a1fc257cc093fffc2b584cbc09a49c5feb951f4ba05c6832453fad392a3c7665bbe62167c116a17edc8520637d0d65706bef0d
  languageName: node
  linkType: hard

"teeny-request@npm:^7.0.0":
  version: 7.0.1
  resolution: "teeny-request@npm:7.0.1"
  dependencies:
    http-proxy-agent: ^4.0.0
    https-proxy-agent: ^5.0.0
    node-fetch: ^2.6.1
    stream-events: ^1.0.5
    uuid: ^8.0.0
  checksum: d62a642f1b72b898e7479acf95e9e40252c6808ed259c6e2537d85dd444b8beb461fcd08a6d8c37482ea58906014a9dc4d89c3ac673d1ef0de0f20ee8ee0c8ae
  languageName: node
  linkType: hard

"typedarray-to-buffer@npm:^3.1.5":
  version: 3.1.5
  resolution: "typedarray-to-buffer@npm:3.1.5"
  dependencies:
    is-typedarray: ^1.0.0
  checksum: e6e0e6812acc3496612d81abe026bb6c71bfc0f3daa00716a3236fe37c46a81508de8306df8a29ae81e2a2c4293b6b8067c77b65003e0022134d544902b9acec
  languageName: node
  linkType: hard

"unique-string@npm:^2.0.0":
  version: 2.0.0
  resolution: "unique-string@npm:2.0.0"
  dependencies:
    crypto-random-string: ^2.0.0
  checksum: a2748b41eaada391800773c16674fe4e9a3f078162e49b2c6b4e67d36061a0f97be4b7851136d786ed5e4ddc90770400fd54bf32aed1e08ec9a9219d9b66bad3
  languageName: node
  linkType: hard

"util-deprecate@npm:^1.0.1":
  version: 1.0.2
  resolution: "util-deprecate@npm:1.0.2"
  checksum: 73c2b1cf0210ccac300645384d8443cabbd93194117b2dc1b3bae8d8279ad39aedac857e020c4ea505e96a1045059c7359db3df6a9df0be6b8584166c9d61dc9
  languageName: node
  linkType: hard

"uuid@npm:^8.0.0":
  version: 8.3.2
  resolution: "uuid@npm:8.3.2"
  bin:
    uuid: dist/bin/uuid
  checksum: aed2bcef341f95635f308fea8831fb9038b18c485fe7e71feb89d2e05602dfecad0cb6f2246fae096d4da425cca6e8a71056f28abd97ad98cf770a2018853248
  languageName: node
  linkType: hard

"which@npm:^2.0.1":
  version: 2.0.2
  resolution: "which@npm:2.0.2"
  dependencies:
    isexe: ^2.0.0
  bin:
    node-which: ./bin/node-which
  checksum: ea9b1db1266b08f7880717cf70dd9012dd523e5a317f10fbe4d5e8c1a761c5fd237f88642f2ba33b23f973ff4002c9b26648d63084ab208d8ecef36497315f6e
  languageName: node
  linkType: hard

"wrappy@npm:1":
  version: 1.0.2
  resolution: "wrappy@npm:1.0.2"
  checksum: 519fcda0fcdf0c16327be2de9d98646742307bc830277e8868529fcf7566f2b330a6453c233e0cdcb767d5838dd61a90984a02ecc983bcddebea5ad0833bbf98
  languageName: node
  linkType: hard

"write-file-atomic@npm:^3.0.0":
  version: 3.0.3
  resolution: "write-file-atomic@npm:3.0.3"
  dependencies:
    imurmurhash: ^0.1.4
    is-typedarray: ^1.0.0
    signal-exit: ^3.0.2
    typedarray-to-buffer: ^3.1.5
  checksum: a26a8699c30cdc81d041b2c1049c6773f1e8401edda365874e9ca2dcf1fcf024dfeb43eea5e08c2e9b4e77be08a160d37f8d6c5d8c2d3ceccdf3d06e5cb38d35
  languageName: node
  linkType: hard

"xdg-basedir@npm:^4.0.0":
  version: 4.0.0
  resolution: "xdg-basedir@npm:4.0.0"
  checksum: 928953cb7dda8e2475932f748847a3aae751f44864a0067b03e5ca66820a36e1e9ffb647f9b06fb68ebcb0b9d06d5aee630717a1d2501be14cec99f82efa2fe6
  languageName: node
  linkType: hard

"yallist@npm:^4.0.0":
  version: 4.0.0
  resolution: "yallist@npm:4.0.0"
  checksum: a2960ef879af6ee67a76cae29bac9d8bffeb6e9e366c217dbd21464e7fce071933705544724f47e90ba5209cf9c83c17d5582dd04415d86747a826b2a231efb8
  languageName: node
  linkType: hard

"yocto-queue@npm:^0.1.0":
  version: 0.1.0
  resolution: "yocto-queue@npm:0.1.0"
  checksum: 096c3b40beb2804659539be1605a35c58eb0c85285f94b77b3e924f42ee265c1a40bf9f4153770039517146b469a964d51742395f35ca8135fc9f7e4982b785d
  languageName: node
  linkType: hard
